{
  "name": "SIH",
  "lockfileVersion": 3,
  "requires": true,
  "packages": {
    "": {
      "dependencies": {
        "react-speech-recognition": "^3.10.0"
      }
    },
    "node_modules/react-speech-recognition": {
      "version": "3.10.0",
      "resolved": "https://registry.npmjs.org/react-speech-recognition/-/react-speech-recognition-3.10.0.tgz",
      "integrity": "sha512-EVSr4Ik8l9urwdPiK2r0+ADrLyDDrjB0qBRdUWO+w2MfwEBrj6NuRmy1GD3x7BU/V6/hab0pl8Lupen0zwlJyw==",
      "peerDependencies": {
        "react": ">=16.8.0"
      }
    }
  }
}
